// !$*UTF8*$!
{
	archiveVersion = 1;
	classes = {
	};
	objectVersion = 50;
	objects = {

/* Begin PBXBuildFile section */
		A20BA8B5E7AC6BB3F3818DA8 /* Pods_MPS_FanProjektTests.framework in Frameworks */ = {isa = PBXBuildFile; fileRef = 69F0FCF4798D6EE8FA12D045 /* Pods_MPS_FanProjektTests.framework */; };
		AA1A4F42231023E100A92E49 /* InfoText.swift in Sources */ = {isa = PBXBuildFile; fileRef = AA1A4F41231023E100A92E49 /* InfoText.swift */; };
		AA1A4F442310240E00A92E49 /* Tabelle_AlleKünstler.swift in Sources */ = {isa = PBXBuildFile; fileRef = AA1A4F432310240E00A92E49 /* Tabelle_AlleKünstler.swift */; };
		AA1A4F462310249900A92E49 /* Tabelle_AlleLAger.swift in Sources */ = {isa = PBXBuildFile; fileRef = AA1A4F452310249900A92E49 /* Tabelle_AlleLAger.swift */; };
		AA1BECC2230F3F0500D42C8F /* AlleDaten.swift in Sources */ = {isa = PBXBuildFile; fileRef = AA1BECBF230F3F0500D42C8F /* AlleDaten.swift */; };
		AA1BECC3230F3F0500D42C8F /* Loader.swift in Sources */ = {isa = PBXBuildFile; fileRef = AA1BECC0230F3F0500D42C8F /* Loader.swift */; };
		AA1BECC4230F3F0500D42C8F /* Tabelle_AlleFeste.swift in Sources */ = {isa = PBXBuildFile; fileRef = AA1BECC1230F3F0500D42C8F /* Tabelle_AlleFeste.swift */; };
		AA438DA5230F3E1B00E99970 /* AppDelegate.swift in Sources */ = {isa = PBXBuildFile; fileRef = AA438DA4230F3E1B00E99970 /* AppDelegate.swift */; };
		AA438DA7230F3E1B00E99970 /* SceneDelegate.swift in Sources */ = {isa = PBXBuildFile; fileRef = AA438DA6230F3E1B00E99970 /* SceneDelegate.swift */; };
		AA438DA9230F3E1B00E99970 /* ViewController.swift in Sources */ = {isa = PBXBuildFile; fileRef = AA438DA8230F3E1B00E99970 /* ViewController.swift */; };
		AA438DAC230F3E1B00E99970 /* Main.storyboard in Resources */ = {isa = PBXBuildFile; fileRef = AA438DAA230F3E1B00E99970 /* Main.storyboard */; };
		AA438DAF230F3E1B00E99970 /* MPS_FanProjekt.xcdatamodeld in Sources */ = {isa = PBXBuildFile; fileRef = AA438DAD230F3E1B00E99970 /* MPS_FanProjekt.xcdatamodeld */; };
		AA438DB1230F3E1E00E99970 /* Assets.xcassets in Resources */ = {isa = PBXBuildFile; fileRef = AA438DB0230F3E1E00E99970 /* Assets.xcassets */; };
		AA438DB4230F3E1E00E99970 /* LaunchScreen.storyboard in Resources */ = {isa = PBXBuildFile; fileRef = AA438DB2230F3E1E00E99970 /* LaunchScreen.storyboard */; };
		AA438DBF230F3E1E00E99970 /* MPS_FanProjektTests.swift in Sources */ = {isa = PBXBuildFile; fileRef = AA438DBE230F3E1E00E99970 /* MPS_FanProjektTests.swift */; };
		C4E68FACE2531988AE2F06E9 /* Pods_MPS_FanProjekt.framework in Frameworks */ = {isa = PBXBuildFile; fileRef = 4887CA2B2C8D4C34363C6E67 /* Pods_MPS_FanProjekt.framework */; };
/* End PBXBuildFile section */

/* Begin PBXContainerItemProxy section */
		AA438DBB230F3E1E00E99970 /* PBXContainerItemProxy */ = {
			isa = PBXContainerItemProxy;
			containerPortal = AA438D99230F3E1B00E99970 /* Project object */;
			proxyType = 1;
			remoteGlobalIDString = AA438DA0230F3E1B00E99970;
			remoteInfo = "MPS-FanProjekt";
		};
/* End PBXContainerItemProxy section */

/* Begin PBXFileReference section */
		19FE01D8D797636BEA6B3E21 /* Pods-MPS-FanProjektTests.release.xcconfig */ = {isa = PBXFileReference; includeInIndex = 1; lastKnownFileType = text.xcconfig; name = "Pods-MPS-FanProjektTests.release.xcconfig"; path = "Pods/Target Support Files/Pods-MPS-FanProjektTests/Pods-MPS-FanProjektTests.release.xcconfig"; sourceTree = "<group>"; };
		46B45335081403CF52344040 /* Pods-MPS-FanProjekt.release.xcconfig */ = {isa = PBXFileReference; includeInIndex = 1; lastKnownFileType = text.xcconfig; name = "Pods-MPS-FanProjekt.release.xcconfig"; path = "Pods/Target Support Files/Pods-MPS-FanProjekt/Pods-MPS-FanProjekt.release.xcconfig"; sourceTree = "<group>"; };
		4887CA2B2C8D4C34363C6E67 /* Pods_MPS_FanProjekt.framework */ = {isa = PBXFileReference; explicitFileType = wrapper.framework; includeInIndex = 0; path = Pods_MPS_FanProjekt.framework; sourceTree = BUILT_PRODUCTS_DIR; };
		69F0FCF4798D6EE8FA12D045 /* Pods_MPS_FanProjektTests.framework */ = {isa = PBXFileReference; explicitFileType = wrapper.framework; includeInIndex = 0; path = Pods_MPS_FanProjektTests.framework; sourceTree = BUILT_PRODUCTS_DIR; };
		AA1A4F41231023E100A92E49 /* InfoText.swift */ = {isa = PBXFileReference; lastKnownFileType = sourcecode.swift; path = InfoText.swift; sourceTree = "<group>"; };
		AA1A4F432310240E00A92E49 /* Tabelle_AlleKünstler.swift */ = {isa = PBXFileReference; lastKnownFileType = sourcecode.swift; path = "Tabelle_AlleKünstler.swift"; sourceTree = "<group>"; };
		AA1A4F452310249900A92E49 /* Tabelle_AlleLAger.swift */ = {isa = PBXFileReference; lastKnownFileType = sourcecode.swift; path = Tabelle_AlleLAger.swift; sourceTree = "<group>"; };
		AA1BECBF230F3F0500D42C8F /* AlleDaten.swift */ = {isa = PBXFileReference; fileEncoding = 4; lastKnownFileType = sourcecode.swift; path = AlleDaten.swift; sourceTree = "<group>"; };
		AA1BECC0230F3F0500D42C8F /* Loader.swift */ = {isa = PBXFileReference; fileEncoding = 4; lastKnownFileType = sourcecode.swift; path = Loader.swift; sourceTree = "<group>"; };
		AA1BECC1230F3F0500D42C8F /* Tabelle_AlleFeste.swift */ = {isa = PBXFileReference; fileEncoding = 4; lastKnownFileType = sourcecode.swift; path = Tabelle_AlleFeste.swift; sourceTree = "<group>"; };
		AA438DA1230F3E1B00E99970 /* MPS-FanProjekt.app */ = {isa = PBXFileReference; explicitFileType = wrapper.application; includeInIndex = 0; path = "MPS-FanProjekt.app"; sourceTree = BUILT_PRODUCTS_DIR; };
		AA438DA4230F3E1B00E99970 /* AppDelegate.swift */ = {isa = PBXFileReference; lastKnownFileType = sourcecode.swift; path = AppDelegate.swift; sourceTree = "<group>"; };
		AA438DA6230F3E1B00E99970 /* SceneDelegate.swift */ = {isa = PBXFileReference; lastKnownFileType = sourcecode.swift; path = SceneDelegate.swift; sourceTree = "<group>"; };
		AA438DA8230F3E1B00E99970 /* ViewController.swift */ = {isa = PBXFileReference; lastKnownFileType = sourcecode.swift; path = ViewController.swift; sourceTree = "<group>"; };
		AA438DAB230F3E1B00E99970 /* Base */ = {isa = PBXFileReference; lastKnownFileType = file.storyboard; name = Base; path = Base.lproj/Main.storyboard; sourceTree = "<group>"; };
		AA438DAE230F3E1B00E99970 /* MPS_FanProjekt.xcdatamodel */ = {isa = PBXFileReference; lastKnownFileType = wrapper.xcdatamodel; path = MPS_FanProjekt.xcdatamodel; sourceTree = "<group>"; };
		AA438DB0230F3E1E00E99970 /* Assets.xcassets */ = {isa = PBXFileReference; lastKnownFileType = folder.assetcatalog; path = Assets.xcassets; sourceTree = "<group>"; };
		AA438DB3230F3E1E00E99970 /* Base */ = {isa = PBXFileReference; lastKnownFileType = file.storyboard; name = Base; path = Base.lproj/LaunchScreen.storyboard; sourceTree = "<group>"; };
		AA438DB5230F3E1E00E99970 /* Info.plist */ = {isa = PBXFileReference; lastKnownFileType = text.plist.xml; path = Info.plist; sourceTree = "<group>"; };
		AA438DBA230F3E1E00E99970 /* MPS-FanProjektTests.xctest */ = {isa = PBXFileReference; explicitFileType = wrapper.cfbundle; includeInIndex = 0; path = "MPS-FanProjektTests.xctest"; sourceTree = BUILT_PRODUCTS_DIR; };
		AA438DBE230F3E1E00E99970 /* MPS_FanProjektTests.swift */ = {isa = PBXFileReference; lastKnownFileType = sourcecode.swift; path = MPS_FanProjektTests.swift; sourceTree = "<group>"; };
		AA438DC0230F3E1E00E99970 /* Info.plist */ = {isa = PBXFileReference; lastKnownFileType = text.plist.xml; path = Info.plist; sourceTree = "<group>"; };
		B54BE0CE8FCFCBAFEF13826A /* Pods-MPS-FanProjektTests.debug.xcconfig */ = {isa = PBXFileReference; includeInIndex = 1; lastKnownFileType = text.xcconfig; name = "Pods-MPS-FanProjektTests.debug.xcconfig"; path = "Pods/Target Support Files/Pods-MPS-FanProjektTests/Pods-MPS-FanProjektTests.debug.xcconfig"; sourceTree = "<group>"; };
		E4537B7A68AB2DC9F660F665 /* Pods-MPS-FanProjekt.debug.xcconfig */ = {isa = PBXFileReference; includeInIndex = 1; lastKnownFileType = text.xcconfig; name = "Pods-MPS-FanProjekt.debug.xcconfig"; path = "Pods/Target Support Files/Pods-MPS-FanProjekt/Pods-MPS-FanProjekt.debug.xcconfig"; sourceTree = "<group>"; };
/* End PBXFileReference section */

/* Begin PBXFrameworksBuildPhase section */
		AA438D9E230F3E1B00E99970 /* Frameworks */ = {
			isa = PBXFrameworksBuildPhase;
			buildActionMask = 2147483647;
			files = (
				C4E68FACE2531988AE2F06E9 /* Pods_MPS_FanProjekt.framework in Frameworks */,
			);
			runOnlyForDeploymentPostprocessing = 0;
		};
		AA438DB7230F3E1E00E99970 /* Frameworks */ = {
			isa = PBXFrameworksBuildPhase;
			buildActionMask = 2147483647;
			files = (
				A20BA8B5E7AC6BB3F3818DA8 /* Pods_MPS_FanProjektTests.framework in Frameworks */,
			);
			runOnlyForDeploymentPostprocessing = 0;
		};
/* End PBXFrameworksBuildPhase section */

/* Begin PBXGroup section */
		095C702ABC3CDA55EE0C5C2A /* Frameworks */ = {
			isa = PBXGroup;
			children = (
				4887CA2B2C8D4C34363C6E67 /* Pods_MPS_FanProjekt.framework */,
				69F0FCF4798D6EE8FA12D045 /* Pods_MPS_FanProjektTests.framework */,
			);
			name = Frameworks;
			sourceTree = "<group>";
		};
		AA438D98230F3E1B00E99970 = {
			isa = PBXGroup;
			children = (
				AA438DA3230F3E1B00E99970 /* MPS-FanProjekt */,
				AA438DBD230F3E1E00E99970 /* MPS-FanProjektTests */,
				AA438DA2230F3E1B00E99970 /* Products */,
				E57BF46FB117A8832A5DAC17 /* Pods */,
				095C702ABC3CDA55EE0C5C2A /* Frameworks */,
			);
			sourceTree = "<group>";
		};
		AA438DA2230F3E1B00E99970 /* Products */ = {
			isa = PBXGroup;
			children = (
				AA438DA1230F3E1B00E99970 /* MPS-FanProjekt.app */,
				AA438DBA230F3E1E00E99970 /* MPS-FanProjektTests.xctest */,
			);
			name = Products;
			sourceTree = "<group>";
		};
		AA438DA3230F3E1B00E99970 /* MPS-FanProjekt */ = {
			isa = PBXGroup;
			children = (
				AA438DA4230F3E1B00E99970 /* AppDelegate.swift */,
				AA438DA6230F3E1B00E99970 /* SceneDelegate.swift */,
				AA438DA8230F3E1B00E99970 /* ViewController.swift */,
				AA438DAA230F3E1B00E99970 /* Main.storyboard */,
				AA438DB0230F3E1E00E99970 /* Assets.xcassets */,
				AA438DB2230F3E1E00E99970 /* LaunchScreen.storyboard */,
				AA438DB5230F3E1E00E99970 /* Info.plist */,
				AA438DAD230F3E1B00E99970 /* MPS_FanProjekt.xcdatamodeld */,
				AA1BECBF230F3F0500D42C8F /* AlleDaten.swift */,
				AA1BECC0230F3F0500D42C8F /* Loader.swift */,
				AA1BECC1230F3F0500D42C8F /* Tabelle_AlleFeste.swift */,
				AA1A4F41231023E100A92E49 /* InfoText.swift */,
				AA1A4F452310249900A92E49 /* Tabelle_AlleLAger.swift */,
				AA1A4F432310240E00A92E49 /* Tabelle_AlleKünstler.swift */,
			);
			path = "MPS-FanProjekt";
			sourceTree = "<group>";
		};
		AA438DBD230F3E1E00E99970 /* MPS-FanProjektTests */ = {
			isa = PBXGroup;
			children = (
				AA438DBE230F3E1E00E99970 /* MPS_FanProjektTests.swift */,
				AA438DC0230F3E1E00E99970 /* Info.plist */,
			);
			path = "MPS-FanProjektTests";
			sourceTree = "<group>";
		};
		E57BF46FB117A8832A5DAC17 /* Pods */ = {
			isa = PBXGroup;
			children = (
				E4537B7A68AB2DC9F660F665 /* Pods-MPS-FanProjekt.debug.xcconfig */,
				46B45335081403CF52344040 /* Pods-MPS-FanProjekt.release.xcconfig */,
				B54BE0CE8FCFCBAFEF13826A /* Pods-MPS-FanProjektTests.debug.xcconfig */,
				19FE01D8D797636BEA6B3E21 /* Pods-MPS-FanProjektTests.release.xcconfig */,
			);
			name = Pods;
			sourceTree = "<group>";
		};
/* End PBXGroup section */

/* Begin PBXNativeTarget section */
		AA438DA0230F3E1B00E99970 /* MPS-FanProjekt */ = {
			isa = PBXNativeTarget;
			buildConfigurationList = AA438DC3230F3E1E00E99970 /* Build configuration list for PBXNativeTarget "MPS-FanProjekt" */;
			buildPhases = (
				AE49A55BA52F1E43B90AE70A /* [CP] Check Pods Manifest.lock */,
				AA438D9D230F3E1B00E99970 /* Sources */,
				AA438D9E230F3E1B00E99970 /* Frameworks */,
				AA438D9F230F3E1B00E99970 /* Resources */,
				F797D6A5376B4B7411C812EE /* [CP] Embed Pods Frameworks */,
			);
			buildRules = (
			);
			dependencies = (
			);
			name = "MPS-FanProjekt";
			productName = "MPS-FanProjekt";
			productReference = AA438DA1230F3E1B00E99970 /* MPS-FanProjekt.app */;
			productType = "com.apple.product-type.application";
		};
		AA438DB9230F3E1E00E99970 /* MPS-FanProjektTests */ = {
			isa = PBXNativeTarget;
			buildConfigurationList = AA438DC6230F3E1E00E99970 /* Build configuration list for PBXNativeTarget "MPS-FanProjektTests" */;
			buildPhases = (
				EE2564D3D72DA6AB73F9BFD5 /* [CP] Check Pods Manifest.lock */,
				AA438DB6230F3E1E00E99970 /* Sources */,
				AA438DB7230F3E1E00E99970 /* Frameworks */,
				AA438DB8230F3E1E00E99970 /* Resources */,
			);
			buildRules = (
			);
			dependencies = (
				AA438DBC230F3E1E00E99970 /* PBXTargetDependency */,
			);
			name = "MPS-FanProjektTests";
			productName = "MPS-FanProjektTests";
			productReference = AA438DBA230F3E1E00E99970 /* MPS-FanProjektTests.xctest */;
			productType = "com.apple.product-type.bundle.unit-test";
		};
/* End PBXNativeTarget section */

/* Begin PBXProject section */
		AA438D99230F3E1B00E99970 /* Project object */ = {
			isa = PBXProject;
			attributes = {
				LastSwiftUpdateCheck = 1100;
				LastUpgradeCheck = 1100;
				ORGANIZATIONNAME = "Christian Baltzer";
				TargetAttributes = {
					AA438DA0230F3E1B00E99970 = {
						CreatedOnToolsVersion = 11.0;
					};
					AA438DB9230F3E1E00E99970 = {
						CreatedOnToolsVersion = 11.0;
						TestTargetID = AA438DA0230F3E1B00E99970;
					};
				};
			};
			buildConfigurationList = AA438D9C230F3E1B00E99970 /* Build configuration list for PBXProject "MPS-FanProjekt" */;
			compatibilityVersion = "Xcode 9.3";
			developmentRegion = en;
			hasScannedForEncodings = 0;
			knownRegions = (
				en,
				Base,
			);
			mainGroup = AA438D98230F3E1B00E99970;
			productRefGroup = AA438DA2230F3E1B00E99970 /* Products */;
			projectDirPath = "";
			projectRoot = "";
			targets = (
				AA438DA0230F3E1B00E99970 /* MPS-FanProjekt */,
				AA438DB9230F3E1E00E99970 /* MPS-FanProjektTests */,
			);
		};
/* End PBXProject section */

/* Begin PBXResourcesBuildPhase section */
		AA438D9F230F3E1B00E99970 /* Resources */ = {
			isa = PBXResourcesBuildPhase;
			buildActionMask = 2147483647;
			files = (
				AA438DB4230F3E1E00E99970 /* LaunchScreen.storyboard in Resources */,
				AA438DB1230F3E1E00E99970 /* Assets.xcassets in Resources */,
				AA438DAC230F3E1B00E99970 /* Main.storyboard in Resources */,
			);
			runOnlyForDeploymentPostprocessing = 0;
		};
		AA438DB8230F3E1E00E99970 /* Resources */ = {
			isa = PBXResourcesBuildPhase;
			buildActionMask = 2147483647;
			files = (
			);
			runOnlyForDeploymentPostprocessing = 0;
		};
/* End PBXResourcesBuildPhase section */

/* Begin PBXShellScriptBuildPhase section */
		AE49A55BA52F1E43B90AE70A /* [CP] Check Pods Manifest.lock */ = {
			isa = PBXShellScriptBuildPhase;
			buildActionMask = 2147483647;
			files = (
			);
			inputPaths = (
				"${PODS_PODFILE_DIR_PATH}/Podfile.lock",
				"${PODS_ROOT}/Manifest.lock",
			);
			name = "[CP] Check Pods Manifest.lock";
			outputPaths = (
				"$(DERIVED_FILE_DIR)/Pods-MPS-FanProjekt-checkManifestLockResult.txt",
			);
			runOnlyForDeploymentPostprocessing = 0;
			shellPath = /bin/sh;
			shellScript = "diff \"${PODS_PODFILE_DIR_PATH}/Podfile.lock\" \"${PODS_ROOT}/Manifest.lock\" > /dev/null\nif [ $? != 0 ] ; then\n    # print error to STDERR\n    echo \"error: The sandbox is not in sync with the Podfile.lock. Run 'pod install' or update your CocoaPods installation.\" >&2\n    exit 1\nfi\n# This output is used by Xcode 'outputs' to avoid re-running this script phase.\necho \"SUCCESS\" > \"${SCRIPT_OUTPUT_FILE_0}\"\n";
			showEnvVarsInLog = 0;
		};
		EE2564D3D72DA6AB73F9BFD5 /* [CP] Check Pods Manifest.lock */ = {
			isa = PBXShellScriptBuildPhase;
			buildActionMask = 2147483647;
			files = (
			);
			inputPaths = (
				"${PODS_PODFILE_DIR_PATH}/Podfile.lock",
				"${PODS_ROOT}/Manifest.lock",
			);
			name = "[CP] Check Pods Manifest.lock";
			outputPaths = (
				"$(DERIVED_FILE_DIR)/Pods-MPS-FanProjektTests-checkManifestLockResult.txt",
			);
			runOnlyForDeploymentPostprocessing = 0;
			shellPath = /bin/sh;
			shellScript = "diff \"${PODS_PODFILE_DIR_PATH}/Podfile.lock\" \"${PODS_ROOT}/Manifest.lock\" > /dev/null\nif [ $? != 0 ] ; then\n    # print error to STDERR\n    echo \"error: The sandbox is not in sync with the Podfile.lock. Run 'pod install' or update your CocoaPods installation.\" >&2\n    exit 1\nfi\n# This output is used by Xcode 'outputs' to avoid re-running this script phase.\necho \"SUCCESS\" > \"${SCRIPT_OUTPUT_FILE_0}\"\n";
			showEnvVarsInLog = 0;
		};
		F797D6A5376B4B7411C812EE /* [CP] Embed Pods Frameworks */ = {
			isa = PBXShellScriptBuildPhase;
			buildActionMask = 2147483647;
			files = (
			);
			inputPaths = (
				"${SRCROOT}/Pods/Target Support Files/Pods-MPS-FanProjekt/Pods-MPS-FanProjekt-frameworks.sh",
				"${BUILT_PRODUCTS_DIR}/Alamofire/Alamofire.framework",
				"${BUILT_PRODUCTS_DIR}/Alamofire-Synchronous/Alamofire_Synchronous.framework",
				"${BUILT_PRODUCTS_DIR}/SwiftSoup/SwiftSoup.framework",
			);
			name = "[CP] Embed Pods Frameworks";
			outputPaths = (
				"${TARGET_BUILD_DIR}/${FRAMEWORKS_FOLDER_PATH}/Alamofire.framework",
				"${TARGET_BUILD_DIR}/${FRAMEWORKS_FOLDER_PATH}/Alamofire_Synchronous.framework",
				"${TARGET_BUILD_DIR}/${FRAMEWORKS_FOLDER_PATH}/SwiftSoup.framework",
			);
			runOnlyForDeploymentPostprocessing = 0;
			shellPath = /bin/sh;
			shellScript = "\"${SRCROOT}/Pods/Target Support Files/Pods-MPS-FanProjekt/Pods-MPS-FanProjekt-frameworks.sh\"\n";
			showEnvVarsInLog = 0;
		};
/* End PBXShellScriptBuildPhase section */

/* Begin PBXSourcesBuildPhase section */
		AA438D9D230F3E1B00E99970 /* Sources */ = {
			isa = PBXSourcesBuildPhase;
			buildActionMask = 2147483647;
			files = (
				AA438DA9230F3E1B00E99970 /* ViewController.swift in Sources */,
				AA1BECC2230F3F0500D42C8F /* AlleDaten.swift in Sources */,
				AA1A4F42231023E100A92E49 /* InfoText.swift in Sources */,
				AA1BECC3230F3F0500D42C8F /* Loader.swift in Sources */,
				AA438DA5230F3E1B00E99970 /* AppDelegate.swift in Sources */,
				AA438DAF230F3E1B00E99970 /* MPS_FanProjekt.xcdatamodeld in Sources */,
				AA438DA7230F3E1B00E99970 /* SceneDelegate.swift in Sources */,
				AA1A4F462310249900A92E49 /* Tabelle_AlleLAger.swift in Sources */,
				AA1A4F442310240E00A92E49 /* Tabelle_AlleKünstler.swift in Sources */,
				AA1BECC4230F3F0500D42C8F /* Tabelle_AlleFeste.swift in Sources */,
			);
			runOnlyForDeploymentPostprocessing = 0;
		};
		AA438DB6230F3E1E00E99970 /* Sources */ = {
			isa = PBXSourcesBuildPhase;
			buildActionMask = 2147483647;
			files = (
				AA438DBF230F3E1E00E99970 /* MPS_FanProjektTests.swift in Sources */,
			);
			runOnlyForDeploymentPostprocessing = 0;
		};
/* End PBXSourcesBuildPhase section */

/* Begin PBXTargetDependency section */
		AA438DBC230F3E1E00E99970 /* PBXTargetDependency */ = {
			isa = PBXTargetDependency;
			target = AA438DA0230F3E1B00E99970 /* MPS-FanProjekt */;
			targetProxy = AA438DBB230F3E1E00E99970 /* PBXContainerItemProxy */;
		};
/* End PBXTargetDependency section */

/* Begin PBXVariantGroup section */
		AA438DAA230F3E1B00E99970 /* Main.storyboard */ = {
			isa = PBXVariantGroup;
			children = (
				AA438DAB230F3E1B00E99970 /* Base */,
			);
			name = Main.storyboard;
			sourceTree = "<group>";
		};
		AA438DB2230F3E1E00E99970 /* LaunchScreen.storyboard */ = {
			isa = PBXVariantGroup;
			children = (
				AA438DB3230F3E1E00E99970 /* Base */,
			);
			name = LaunchScreen.storyboard;
			sourceTree = "<group>";
		};
/* End PBXVariantGroup section */

/* Begin XCBuildConfiguration section */
		AA438DC1230F3E1E00E99970 /* Debug */ = {
			isa = XCBuildConfiguration;
			buildSettings = {
				ALWAYS_SEARCH_USER_PATHS = NO;
				CLANG_ANALYZER_NONNULL = YES;
				CLANG_ANALYZER_NUMBER_OBJECT_CONVERSION = YES_AGGRESSIVE;
				CLANG_CXX_LANGUAGE_STANDARD = "gnu++14";
				CLANG_CXX_LIBRARY = "libc++";
				CLANG_ENABLE_MODULES = YES;
				CLANG_ENABLE_OBJC_ARC = YES;
				CLANG_ENABLE_OBJC_WEAK = YES;
				CLANG_WARN_BLOCK_CAPTURE_AUTORELEASING = YES;
				CLANG_WARN_BOOL_CONVERSION = YES;
				CLANG_WARN_COMMA = YES;
				CLANG_WARN_CONSTANT_CONVERSION = YES;
				CLANG_WARN_DEPRECATED_OBJC_IMPLEMENTATIONS = YES;
				CLANG_WARN_DIRECT_OBJC_ISA_USAGE = YES_ERROR;
				CLANG_WARN_DOCUMENTATION_COMMENTS = YES;
				CLANG_WARN_EMPTY_BODY = YES;
				CLANG_WARN_ENUM_CONVERSION = YES;
				CLANG_WARN_INFINITE_RECURSION = YES;
				CLANG_WARN_INT_CONVERSION = YES;
				CLANG_WARN_NON_LITERAL_NULL_CONVERSION = YES;
				CLANG_WARN_OBJC_IMPLICIT_RETAIN_SELF = YES;
				CLANG_WARN_OBJC_LITERAL_CONVERSION = YES;
				CLANG_WARN_OBJC_ROOT_CLASS = YES_ERROR;
				CLANG_WARN_RANGE_LOOP_ANALYSIS = YES;
				CLANG_WARN_STRICT_PROTOTYPES = YES;
				CLANG_WARN_SUSPICIOUS_MOVE = YES;
				CLANG_WARN_UNGUARDED_AVAILABILITY = YES_AGGRESSIVE;
				CLANG_WARN_UNREACHABLE_CODE = YES;
				CLANG_WARN__DUPLICATE_METHOD_MATCH = YES;
				COPY_PHASE_STRIP = NO;
				DEBUG_INFORMATION_FORMAT = dwarf;
				ENABLE_STRICT_OBJC_MSGSEND = YES;
				ENABLE_TESTABILITY = YES;
				GCC_C_LANGUAGE_STANDARD = gnu11;
				GCC_DYNAMIC_NO_PIC = NO;
				GCC_NO_COMMON_BLOCKS = YES;
				GCC_OPTIMIZATION_LEVEL = 0;
				GCC_PREPROCESSOR_DEFINITIONS = (
					"DEBUG=1",
					"$(inherited)",
				);
				GCC_WARN_64_TO_32_BIT_CONVERSION = YES;
				GCC_WARN_ABOUT_RETURN_TYPE = YES_ERROR;
				GCC_WARN_UNDECLARED_SELECTOR = YES;
				GCC_WARN_UNINITIALIZED_AUTOS = YES_AGGRESSIVE;
				GCC_WARN_UNUSED_FUNCTION = YES;
				GCC_WARN_UNUSED_VARIABLE = YES;
				IPHONEOS_DEPLOYMENT_TARGET = 13.0;
				MTL_ENABLE_DEBUG_INFO = INCLUDE_SOURCE;
				MTL_FAST_MATH = YES;
				ONLY_ACTIVE_ARCH = YES;
				SDKROOT = iphoneos;
				SWIFT_ACTIVE_COMPILATION_CONDITIONS = DEBUG;
				SWIFT_OPTIMIZATION_LEVEL = "-Onone";
			};
			name = Debug;
		};
		AA438DC2230F3E1E00E99970 /* Release */ = {
			isa = XCBuildConfiguration;
			buildSettings = {
				ALWAYS_SEARCH_USER_PATHS = NO;
				CLANG_ANALYZER_NONNULL = YES;
				CLANG_ANALYZER_NUMBER_OBJECT_CONVERSION = YES_AGGRESSIVE;
				CLANG_CXX_LANGUAGE_STANDARD = "gnu++14";
				CLANG_CXX_LIBRARY = "libc++";
				CLANG_ENABLE_MODULES = YES;
				CLANG_ENABLE_OBJC_ARC = YES;
				CLANG_ENABLE_OBJC_WEAK = YES;
				CLANG_WARN_BLOCK_CAPTURE_AUTORELEASING = YES;
				CLANG_WARN_BOOL_CONVERSION = YES;
				CLANG_WARN_COMMA = YES;
				CLANG_WARN_CONSTANT_CONVERSION = YES;
				CLANG_WARN_DEPRECATED_OBJC_IMPLEMENTATIONS = YES;
				CLANG_WARN_DIRECT_OBJC_ISA_USAGE = YES_ERROR;
				CLANG_WARN_DOCUMENTATION_COMMENTS = YES;
				CLANG_WARN_EMPTY_BODY = YES;
				CLANG_WARN_ENUM_CONVERSION = YES;
				CLANG_WARN_INFINITE_RECURSION = YES;
				CLANG_WARN_INT_CONVERSION = YES;
				CLANG_WARN_NON_LITERAL_NULL_CONVERSION = YES;
				CLANG_WARN_OBJC_IMPLICIT_RETAIN_SELF = YES;
				CLANG_WARN_OBJC_LITERAL_CONVERSION = YES;
				CLANG_WARN_OBJC_ROOT_CLASS = YES_ERROR;
				CLANG_WARN_RANGE_LOOP_ANALYSIS = YES;
				CLANG_WARN_STRICT_PROTOTYPES = YES;
				CLANG_WARN_SUSPICIOUS_MOVE = YES;
				CLANG_WARN_UNGUARDED_AVAILABILITY = YES_AGGRESSIVE;
				CLANG_WARN_UNREACHABLE_CODE = YES;
				CLANG_WARN__DUPLICATE_METHOD_MATCH = YES;
				COPY_PHASE_STRIP = NO;
				DEBUG_INFORMATION_FORMAT = "dwarf-with-dsym";
				ENABLE_NS_ASSERTIONS = NO;
				ENABLE_STRICT_OBJC_MSGSEND = YES;
				GCC_C_LANGUAGE_STANDARD = gnu11;
				GCC_NO_COMMON_BLOCKS = YES;
				GCC_WARN_64_TO_32_BIT_CONVERSION = YES;
				GCC_WARN_ABOUT_RETURN_TYPE = YES_ERROR;
				GCC_WARN_UNDECLARED_SELECTOR = YES;
				GCC_WARN_UNINITIALIZED_AUTOS = YES_AGGRESSIVE;
				GCC_WARN_UNUSED_FUNCTION = YES;
				GCC_WARN_UNUSED_VARIABLE = YES;
				IPHONEOS_DEPLOYMENT_TARGET = 13.0;
				MTL_ENABLE_DEBUG_INFO = NO;
				MTL_FAST_MATH = YES;
				SDKROOT = iphoneos;
				SWIFT_COMPILATION_MODE = wholemodule;
				SWIFT_OPTIMIZATION_LEVEL = "-O";
				VALIDATE_PRODUCT = YES;
			};
			name = Release;
		};
		AA438DC4230F3E1E00E99970 /* Debug */ = {
			isa = XCBuildConfiguration;
			baseConfigurationReference = E4537B7A68AB2DC9F660F665 /* Pods-MPS-FanProjekt.debug.xcconfig */;
			buildSettings = {
				ASSETCATALOG_COMPILER_APPICON_NAME = AppIcon;
				CODE_SIGN_STYLE = Automatic;
				DEVELOPMENT_TEAM = QHAK8XB995;
				INFOPLIST_FILE = "MPS-FanProjekt/Info.plist";
				LD_RUNPATH_SEARCH_PATHS = (
					"$(inherited)",
					"@executable_path/Frameworks",
				);
				PRODUCT_BUNDLE_IDENTIFIER = "Darker97.MPS-FanProjekt";
				PRODUCT_NAME = "$(TARGET_NAME)";
				SWIFT_VERSION = 5.0;
				TARGETED_DEVICE_FAMILY = 1;
			};
			name = Debug;
		};
		AA438DC5230F3E1E00E99970 /* Release */ = {
			isa = XCBuildConfiguration;
			baseConfigurationReference = 46B45335081403CF52344040 /* Pods-MPS-FanProjekt.release.xcconfig */;
			buildSettings = {
				ASSETCATALOG_COMPILER_APPICON_NAME = AppIcon;
				CODE_SIGN_STYLE = Automatic;
				DEVELOPMENT_TEAM = QHAK8XB995;
				INFOPLIST_FILE = "MPS-FanProjekt/Info.plist";
				LD_RUNPATH_SEARCH_PATHS = (
					"$(inherited)",
					"@executable_path/Frameworks",
				);
				PRODUCT_BUNDLE_IDENTIFIER = "Darker97.MPS-FanProjekt";
				PRODUCT_NAME = "$(TARGET_NAME)";
				SWIFT_VERSION = 5.0;
				TARGETED_DEVICE_FAMILY = 1;
			};
			name = Release;
		};
		AA438DC7230F3E1E00E99970 /* Debug */ = {
			isa = XCBuildConfiguration;
			baseConfigurationReference = B54BE0CE8FCFCBAFEF13826A /* Pods-MPS-FanProjektTests.debug.xcconfig */;
			buildSettings = {
				ALWAYS_EMBED_SWIFT_STANDARD_LIBRARIES = YES;
				BUNDLE_LOADER = "$(TEST_HOST)";
				CODE_SIGN_STYLE = Automatic;
				DEVELOPMENT_TEAM = QHAK8XB995;
				INFOPLIST_FILE = "MPS-FanProjektTests/Info.plist";
				LD_RUNPATH_SEARCH_PATHS = (
					"$(inherited)",
					"@executable_path/Frameworks",
					"@loader_path/Frameworks",
				);
				PRODUCT_BUNDLE_IDENTIFIER = "Darker97.MPS-FanProjektTests";
				PRODUCT_NAME = "$(TARGET_NAME)";
				SWIFT_VERSION = 5.0;
				TARGETED_DEVICE_FAMILY = "1,2";
				TEST_HOST = "$(BUILT_PRODUCTS_DIR)/MPS-FanProjekt.app/MPS-FanProjekt";
			};
			name = Debug;
		};
		AA438DC8230F3E1E00E99970 /* Release */ = {
			isa = XCBuildConfiguration;
			baseConfigurationReference = 19FE01D8D797636BEA6B3E21 /* Pods-MPS-FanProjektTests.release.xcconfig */;
			buildSettings = {
				ALWAYS_EMBED_SWIFT_STANDARD_LIBRARIES = YES;
				BUNDLE_LOADER = "$(TEST_HOST)";
				CODE_SIGN_STYLE = Automatic;
				DEVELOPMENT_TEAM = QHAK8XB995;
				INFOPLIST_FILE = "MPS-FanProjektTests/Info.plist";
				LD_RUNPATH_SEARCH_PATHS = (
					"$(inherited)",
					"@executable_path/Frameworks",
					"@loader_path/Frameworks",
				);
				PRODUCT_BUNDLE_IDENTIFIER = "Darker97.MPS-FanProjektTests";
				PRODUCT_NAME = "$(TARGET_NAME)";
				SWIFT_VERSION = 5.0;
				TARGETED_DEVICE_FAMILY = "1,2";
				TEST_HOST = "$(BUILT_PRODUCTS_DIR)/MPS-FanProjekt.app/MPS-FanProjekt";
			};
			name = Release;
		};
/* End XCBuildConfiguration section */

/* Begin XCConfigurationList section */
		AA438D9C230F3E1B00E99970 /* Build configuration list for PBXProject "MPS-FanProjekt" */ = {
			isa = XCConfigurationList;
			buildConfigurations = (
				AA438DC1230F3E1E00E99970 /* Debug */,
				AA438DC2230F3E1E00E99970 /* Release */,
			);
			defaultConfigurationIsVisible = 0;
			defaultConfigurationName = Release;
		};
		AA438DC3230F3E1E00E99970 /* Build configuration list for PBXNativeTarget "MPS-FanProjekt" */ = {
			isa = XCConfigurationList;
			buildConfigurations = (
				AA438DC4230F3E1E00E99970 /* Debug */,
				AA438DC5230F3E1E00E99970 /* Release */,
			);
			defaultConfigurationIsVisible = 0;
			defaultConfigurationName = Release;
		};
		AA438DC6230F3E1E00E99970 /* Build configuration list for PBXNativeTarget "MPS-FanProjektTests" */ = {
			isa = XCConfigurationList;
			buildConfigurations = (
				AA438DC7230F3E1E00E99970 /* Debug */,
				AA438DC8230F3E1E00E99970 /* Release */,
			);
			defaultConfigurationIsVisible = 0;
			defaultConfigurationName = Release;
		};
/* End XCConfigurationList section */

/* Begin XCVersionGroup section */
		AA438DAD230F3E1B00E99970 /* MPS_FanProjekt.xcdatamodeld */ = {
			isa = XCVersionGroup;
			children = (
				AA438DAE230F3E1B00E99970 /* MPS_FanProjekt.xcdatamodel */,
			);
			currentVersion = AA438DAE230F3E1B00E99970 /* MPS_FanProjekt.xcdatamodel */;
			path = MPS_FanProjekt.xcdatamodeld;
			sourceTree = "<group>";
			versionGroupType = wrapper.xcdatamodel;
		};
/* End XCVersionGroup section */
	};
	rootObject = AA438D99230F3E1B00E99970 /* Project object */;
}
